
Microsoft Visual Studio Solution File, Format Version 12.00
Project("{FAE04EC0-301F-11D3-BF4B-00C04F79EFBC}") = "NGame.Shared", "Shared\NGame.Shared\NGame.Shared.csproj", "{960487F5-66E9-4D95-907D-3BD331E90312}"
EndProject
Project("{2150E333-8FDC-42A3-9474-1A3956D46DE8}") = "Shared", "Shared", "{FC1AF9EC-A74D-482D-B5E3-97AEF38D7A03}"
EndProject
Project("{FAE04EC0-301F-11D3-BF4B-00C04F79EFBC}") = "NGame", "Engine\NGame\NGame.csproj", "{A9CF4DC0-9DB7-49D0-9265-15FBCCC105E9}"
EndProject
Project("{FAE04EC0-301F-11D3-BF4B-00C04F79EFBC}") = "NGame.Implementations", "Engine\NGame.Implementations\NGame.Implementations.csproj", "{6365EAB2-1A57-44DC-B2D0-3374DEBE1606}"
EndProject
Project("{FAE04EC0-301F-11D3-BF4B-00C04F79EFBC}") = "NGame.Implementations.Tests", "Engine\NGame.Implementations.Tests\NGame.Implementations.Tests.csproj", "{017B4D8F-5EA3-483B-8419-C3A67B0AAEB6}"
EndProject
Project("{FAE04EC0-301F-11D3-BF4B-00C04F79EFBC}") = "NGame.Cli.Abstractions", "Cli\NGame.Cli.Abstractions\NGame.Cli.Abstractions.csproj", "{1438E777-529D-4A9B-9AAB-25A9DEBFD40C}"
EndProject
Project("{FAE04EC0-301F-11D3-BF4B-00C04F79EFBC}") = "NGame.Cli.PackAssets", "Cli\NGame.Cli.PackAssets\NGame.Cli.PackAssets.csproj", "{7D2460BC-6457-431C-81CE-27F4CE6A4B8A}"
EndProject
Project("{FAE04EC0-301F-11D3-BF4B-00C04F79EFBC}") = "NGame.Cli", "Cli\NGame.Cli\NGame.Cli.csproj", "{E2E28DDA-B63D-499F-B387-0C8AC57B09B7}"
EndProject
Project("{FAE04EC0-301F-11D3-BF4B-00C04F79EFBC}") = "NGame.Cli.Tests", "Cli\NGame.Cli.Tests\NGame.Cli.Tests.csproj", "{EE4A45BA-4110-4BB9-8CB9-2D5536DF3C90}"
EndProject
Project("{2150E333-8FDC-42A3-9474-1A3956D46DE8}") = "Engine", "Engine", "{AB03F547-E702-4C7E-98EB-641B2EA691B0}"
EndProject
Project("{2150E333-8FDC-42A3-9474-1A3956D46DE8}") = "Cli", "Cli", "{4879975C-CAFB-44C3-BFED-B3639111B340}"
EndProject
Project("{FAE04EC0-301F-11D3-BF4B-00C04F79EFBC}") = "NGame.Shared.Tests", "Shared\NGame.Shared.Tests\NGame.Shared.Tests.csproj", "{AF8BFE81-D482-4AB4-8900-827B765B8BA6}"
EndProject
Project("{2150E333-8FDC-42A3-9474-1A3956D46DE8}") = "Editor", "Editor", "{668B01DB-F7B0-4A19-9441-61E6C5CD8C36}"
EndProject
Project("{FAE04EC0-301F-11D3-BF4B-00C04F79EFBC}") = "NGameEditor.ViewModels", "Editor\NGameEditor.ViewModels\NGameEditor.ViewModels.csproj", "{3EA87F65-12E9-497B-985E-B231AF81E787}"
EndProject
Project("{FAE04EC0-301F-11D3-BF4B-00C04F79EFBC}") = "NGameEditor.Bridge", "Editor\NGameEditor.Bridge\NGameEditor.Bridge.csproj", "{40BF40E9-AE72-4938-BD27-264437B52097}"
EndProject
Project("{FAE04EC0-301F-11D3-BF4B-00C04F79EFBC}") = "NGameEditor.Bridge.Tests", "Editor\NGameEditor.Bridge.Tests\NGameEditor.Bridge.Tests.csproj", "{B661FA13-F42B-4A70-9B7F-9A36AB35BE63}"
EndProject
Project("{FAE04EC0-301F-11D3-BF4B-00C04F79EFBC}") = "NGameEditor.Backend", "Editor\NGameEditor.Backend\NGameEditor.Backend.csproj", "{5935F415-2996-40A6-BA7B-017942FCCEFC}"
EndProject
Project("{FAE04EC0-301F-11D3-BF4B-00C04F79EFBC}") = "NGameEditor.Backend.Tests", "Editor\NGameEditor.Backend.Tests\NGameEditor.Backend.Tests.csproj", "{7BAF1C31-51FC-4F9C-9024-8F589A8D198F}"
EndProject
Project("{FAE04EC0-301F-11D3-BF4B-00C04F79EFBC}") = "NGameEditor.Functionality", "Editor\NGameEditor.Functionality\NGameEditor.Functionality.csproj", "{0A226471-2BA4-4CCB-8EF3-2A8D53093E53}"
EndProject
Project("{FAE04EC0-301F-11D3-BF4B-00C04F79EFBC}") = "NGameEditor.Functionality.Tests", "Editor\NGameEditor.Functionality.Tests\NGameEditor.Functionality.Tests.csproj", "{F7DBB507-DE41-4A20-9459-A24B2187ACAE}"
EndProject
Project("{FAE04EC0-301F-11D3-BF4B-00C04F79EFBC}") = "NGameEditor.Avalonia", "Editor\NGameEditor.Avalonia\NGameEditor.Avalonia.csproj", "{0E742EE1-2C3B-4ED8-B650-B91500983A85}"
EndProject
Project("{FAE04EC0-301F-11D3-BF4B-00C04F79EFBC}") = "NGameEditor.Results", "Editor\NGameEditor.Results\NGameEditor.Results.csproj", "{29BB71DB-3D7B-4144-81B1-3ACAB8B7C78F}"
EndProject
Global
	GlobalSection(SolutionConfigurationPlatforms) = preSolution
		Debug|Any CPU = Debug|Any CPU
		Release|Any CPU = Release|Any CPU
	EndGlobalSection
	GlobalSection(ProjectConfigurationPlatforms) = postSolution
		{960487F5-66E9-4D95-907D-3BD331E90312}.Debug|Any CPU.ActiveCfg = Debug|Any CPU
		{960487F5-66E9-4D95-907D-3BD331E90312}.Debug|Any CPU.Build.0 = Debug|Any CPU
		{960487F5-66E9-4D95-907D-3BD331E90312}.Release|Any CPU.ActiveCfg = Release|Any CPU
		{960487F5-66E9-4D95-907D-3BD331E90312}.Release|Any CPU.Build.0 = Release|Any CPU
		{A9CF4DC0-9DB7-49D0-9265-15FBCCC105E9}.Debug|Any CPU.ActiveCfg = Debug|Any CPU
		{A9CF4DC0-9DB7-49D0-9265-15FBCCC105E9}.Debug|Any CPU.Build.0 = Debug|Any CPU
		{A9CF4DC0-9DB7-49D0-9265-15FBCCC105E9}.Release|Any CPU.ActiveCfg = Release|Any CPU
		{A9CF4DC0-9DB7-49D0-9265-15FBCCC105E9}.Release|Any CPU.Build.0 = Release|Any CPU
		{6365EAB2-1A57-44DC-B2D0-3374DEBE1606}.Debug|Any CPU.ActiveCfg = Debug|Any CPU
		{6365EAB2-1A57-44DC-B2D0-3374DEBE1606}.Debug|Any CPU.Build.0 = Debug|Any CPU
		{6365EAB2-1A57-44DC-B2D0-3374DEBE1606}.Release|Any CPU.ActiveCfg = Release|Any CPU
		{6365EAB2-1A57-44DC-B2D0-3374DEBE1606}.Release|Any CPU.Build.0 = Release|Any CPU
		{017B4D8F-5EA3-483B-8419-C3A67B0AAEB6}.Debug|Any CPU.ActiveCfg = Debug|Any CPU
		{017B4D8F-5EA3-483B-8419-C3A67B0AAEB6}.Debug|Any CPU.Build.0 = Debug|Any CPU
		{017B4D8F-5EA3-483B-8419-C3A67B0AAEB6}.Release|Any CPU.ActiveCfg = Release|Any CPU
		{017B4D8F-5EA3-483B-8419-C3A67B0AAEB6}.Release|Any CPU.Build.0 = Release|Any CPU
		{1438E777-529D-4A9B-9AAB-25A9DEBFD40C}.Debug|Any CPU.ActiveCfg = Debug|Any CPU
		{1438E777-529D-4A9B-9AAB-25A9DEBFD40C}.Debug|Any CPU.Build.0 = Debug|Any CPU
		{1438E777-529D-4A9B-9AAB-25A9DEBFD40C}.Release|Any CPU.ActiveCfg = Release|Any CPU
		{1438E777-529D-4A9B-9AAB-25A9DEBFD40C}.Release|Any CPU.Build.0 = Release|Any CPU
		{7D2460BC-6457-431C-81CE-27F4CE6A4B8A}.Debug|Any CPU.ActiveCfg = Debug|Any CPU
		{7D2460BC-6457-431C-81CE-27F4CE6A4B8A}.Debug|Any CPU.Build.0 = Debug|Any CPU
		{7D2460BC-6457-431C-81CE-27F4CE6A4B8A}.Release|Any CPU.ActiveCfg = Release|Any CPU
		{7D2460BC-6457-431C-81CE-27F4CE6A4B8A}.Release|Any CPU.Build.0 = Release|Any CPU
		{E2E28DDA-B63D-499F-B387-0C8AC57B09B7}.Debug|Any CPU.ActiveCfg = Debug|Any CPU
		{E2E28DDA-B63D-499F-B387-0C8AC57B09B7}.Debug|Any CPU.Build.0 = Debug|Any CPU
		{E2E28DDA-B63D-499F-B387-0C8AC57B09B7}.Release|Any CPU.ActiveCfg = Release|Any CPU
		{E2E28DDA-B63D-499F-B387-0C8AC57B09B7}.Release|Any CPU.Build.0 = Release|Any CPU
		{EE4A45BA-4110-4BB9-8CB9-2D5536DF3C90}.Debug|Any CPU.ActiveCfg = Debug|Any CPU
		{EE4A45BA-4110-4BB9-8CB9-2D5536DF3C90}.Debug|Any CPU.Build.0 = Debug|Any CPU
		{EE4A45BA-4110-4BB9-8CB9-2D5536DF3C90}.Release|Any CPU.ActiveCfg = Release|Any CPU
		{EE4A45BA-4110-4BB9-8CB9-2D5536DF3C90}.Release|Any CPU.Build.0 = Release|Any CPU
		{AF8BFE81-D482-4AB4-8900-827B765B8BA6}.Debug|Any CPU.ActiveCfg = Debug|Any CPU
		{AF8BFE81-D482-4AB4-8900-827B765B8BA6}.Debug|Any CPU.Build.0 = Debug|Any CPU
		{AF8BFE81-D482-4AB4-8900-827B765B8BA6}.Release|Any CPU.ActiveCfg = Release|Any CPU
		{AF8BFE81-D482-4AB4-8900-827B765B8BA6}.Release|Any CPU.Build.0 = Release|Any CPU
		{3EA87F65-12E9-497B-985E-B231AF81E787}.Debug|Any CPU.ActiveCfg = Debug|Any CPU
		{3EA87F65-12E9-497B-985E-B231AF81E787}.Debug|Any CPU.Build.0 = Debug|Any CPU
		{3EA87F65-12E9-497B-985E-B231AF81E787}.Release|Any CPU.ActiveCfg = Release|Any CPU
		{3EA87F65-12E9-497B-985E-B231AF81E787}.Release|Any CPU.Build.0 = Release|Any CPU
		{40BF40E9-AE72-4938-BD27-264437B52097}.Debug|Any CPU.ActiveCfg = Debug|Any CPU
		{40BF40E9-AE72-4938-BD27-264437B52097}.Debug|Any CPU.Build.0 = Debug|Any CPU
		{40BF40E9-AE72-4938-BD27-264437B52097}.Release|Any CPU.ActiveCfg = Release|Any CPU
		{40BF40E9-AE72-4938-BD27-264437B52097}.Release|Any CPU.Build.0 = Release|Any CPU
		{B661FA13-F42B-4A70-9B7F-9A36AB35BE63}.Debug|Any CPU.ActiveCfg = Debug|Any CPU
		{B661FA13-F42B-4A70-9B7F-9A36AB35BE63}.Debug|Any CPU.Build.0 = Debug|Any CPU
		{B661FA13-F42B-4A70-9B7F-9A36AB35BE63}.Release|Any CPU.ActiveCfg = Release|Any CPU
		{B661FA13-F42B-4A70-9B7F-9A36AB35BE63}.Release|Any CPU.Build.0 = Release|Any CPU
		{5935F415-2996-40A6-BA7B-017942FCCEFC}.Debug|Any CPU.ActiveCfg = Debug|Any CPU
		{5935F415-2996-40A6-BA7B-017942FCCEFC}.Debug|Any CPU.Build.0 = Debug|Any CPU
		{5935F415-2996-40A6-BA7B-017942FCCEFC}.Release|Any CPU.ActiveCfg = Release|Any CPU
		{5935F415-2996-40A6-BA7B-017942FCCEFC}.Release|Any CPU.Build.0 = Release|Any CPU
		{7BAF1C31-51FC-4F9C-9024-8F589A8D198F}.Debug|Any CPU.ActiveCfg = Debug|Any CPU
		{7BAF1C31-51FC-4F9C-9024-8F589A8D198F}.Debug|Any CPU.Build.0 = Debug|Any CPU
		{7BAF1C31-51FC-4F9C-9024-8F589A8D198F}.Release|Any CPU.ActiveCfg = Release|Any CPU
		{7BAF1C31-51FC-4F9C-9024-8F589A8D198F}.Release|Any CPU.Build.0 = Release|Any CPU
		{0A226471-2BA4-4CCB-8EF3-2A8D53093E53}.Debug|Any CPU.ActiveCfg = Debug|Any CPU
		{0A226471-2BA4-4CCB-8EF3-2A8D53093E53}.Debug|Any CPU.Build.0 = Debug|Any CPU
		{0A226471-2BA4-4CCB-8EF3-2A8D53093E53}.Release|Any CPU.ActiveCfg = Release|Any CPU
		{0A226471-2BA4-4CCB-8EF3-2A8D53093E53}.Release|Any CPU.Build.0 = Release|Any CPU
		{F7DBB507-DE41-4A20-9459-A24B2187ACAE}.Debug|Any CPU.ActiveCfg = Debug|Any CPU
		{F7DBB507-DE41-4A20-9459-A24B2187ACAE}.Debug|Any CPU.Build.0 = Debug|Any CPU
		{F7DBB507-DE41-4A20-9459-A24B2187ACAE}.Release|Any CPU.ActiveCfg = Release|Any CPU
		{F7DBB507-DE41-4A20-9459-A24B2187ACAE}.Release|Any CPU.Build.0 = Release|Any CPU
		{0E742EE1-2C3B-4ED8-B650-B91500983A85}.Debug|Any CPU.ActiveCfg = Debug|Any CPU
		{0E742EE1-2C3B-4ED8-B650-B91500983A85}.Debug|Any CPU.Build.0 = Debug|Any CPU
		{0E742EE1-2C3B-4ED8-B650-B91500983A85}.Release|Any CPU.ActiveCfg = Release|Any CPU
		{0E742EE1-2C3B-4ED8-B650-B91500983A85}.Release|Any CPU.Build.0 = Release|Any CPU
		{29BB71DB-3D7B-4144-81B1-3ACAB8B7C78F}.Debug|Any CPU.ActiveCfg = Debug|Any CPU
		{29BB71DB-3D7B-4144-81B1-3ACAB8B7C78F}.Debug|Any CPU.Build.0 = Debug|Any CPU
		{29BB71DB-3D7B-4144-81B1-3ACAB8B7C78F}.Release|Any CPU.ActiveCfg = Release|Any CPU
		{29BB71DB-3D7B-4144-81B1-3ACAB8B7C78F}.Release|Any CPU.Build.0 = Release|Any CPU
	EndGlobalSection
	GlobalSection(NestedProjects) = preSolution
		{960487F5-66E9-4D95-907D-3BD331E90312} = {FC1AF9EC-A74D-482D-B5E3-97AEF38D7A03}
		{E2E28DDA-B63D-499F-B387-0C8AC57B09B7} = {4879975C-CAFB-44C3-BFED-B3639111B340}
		{1438E777-529D-4A9B-9AAB-25A9DEBFD40C} = {4879975C-CAFB-44C3-BFED-B3639111B340}
		{7D2460BC-6457-431C-81CE-27F4CE6A4B8A} = {4879975C-CAFB-44C3-BFED-B3639111B340}
		{EE4A45BA-4110-4BB9-8CB9-2D5536DF3C90} = {4879975C-CAFB-44C3-BFED-B3639111B340}
		{6365EAB2-1A57-44DC-B2D0-3374DEBE1606} = {AB03F547-E702-4C7E-98EB-641B2EA691B0}
		{A9CF4DC0-9DB7-49D0-9265-15FBCCC105E9} = {AB03F547-E702-4C7E-98EB-641B2EA691B0}
		{017B4D8F-5EA3-483B-8419-C3A67B0AAEB6} = {AB03F547-E702-4C7E-98EB-641B2EA691B0}
		{AF8BFE81-D482-4AB4-8900-827B765B8BA6} = {FC1AF9EC-A74D-482D-B5E3-97AEF38D7A03}
		{3EA87F65-12E9-497B-985E-B231AF81E787} = {668B01DB-F7B0-4A19-9441-61E6C5CD8C36}
		{40BF40E9-AE72-4938-BD27-264437B52097} = {668B01DB-F7B0-4A19-9441-61E6C5CD8C36}
		{B661FA13-F42B-4A70-9B7F-9A36AB35BE63} = {668B01DB-F7B0-4A19-9441-61E6C5CD8C36}
		{5935F415-2996-40A6-BA7B-017942FCCEFC} = {668B01DB-F7B0-4A19-9441-61E6C5CD8C36}
		{7BAF1C31-51FC-4F9C-9024-8F589A8D198F} = {668B01DB-F7B0-4A19-9441-61E6C5CD8C36}
		{0A226471-2BA4-4CCB-8EF3-2A8D53093E53} = {668B01DB-F7B0-4A19-9441-61E6C5CD8C36}
		{F7DBB507-DE41-4A20-9459-A24B2187ACAE} = {668B01DB-F7B0-4A19-9441-61E6C5CD8C36}
		{0E742EE1-2C3B-4ED8-B650-B91500983A85} = {668B01DB-F7B0-4A19-9441-61E6C5CD8C36}
		{29BB71DB-3D7B-4144-81B1-3ACAB8B7C78F} = {668B01DB-F7B0-4A19-9441-61E6C5CD8C36}
	EndGlobalSection
EndGlobal
