
Microsoft Visual Studio Solution File, Format Version 12.00
Project("{FAE04EC0-301F-11D3-BF4B-00C04F79EFBC}") = "NGame", "NGame\NGame.csproj", "{9887B3BD-512B-4DB0-B54B-83D3F567CD96}"
EndProject
Project("{FAE04EC0-301F-11D3-BF4B-00C04F79EFBC}") = "NGame.UnitTests", "NGame.UnitTests\NGame.UnitTests.csproj", "{82737E31-46D2-4329-8810-30CA884E863E}"
EndProject
Project("{FAE04EC0-301F-11D3-BF4B-00C04F79EFBC}") = "NGamePlugin.Window.Sfml", "NGamePlugin.Window.Sfml\NGamePlugin.Window.Sfml.csproj", "{CA1FE442-9230-4664-9C64-F74237F6ECBA}"
EndProject
Project("{FAE04EC0-301F-11D3-BF4B-00C04F79EFBC}") = "NGamePlugin.Renderer2D.Sfml", "NGamePlugin.Renderer2D.Sfml\NGamePlugin.Renderer2D.Sfml.csproj", "{D25D8289-7ECF-472F-B9EA-0626D8A523FB}"
EndProject
Project("{FAE04EC0-301F-11D3-BF4B-00C04F79EFBC}") = "NGamePlugin.Renderer2d.SkiaSharp", "NGamePlugin.Renderer2d.SkiaSharp\NGamePlugin.Renderer2d.SkiaSharp.csproj", "{A0AB7E43-0FF9-4D25-B255-7149E20F1888}"
EndProject
Global
	GlobalSection(SolutionConfigurationPlatforms) = preSolution
		Debug|Any CPU = Debug|Any CPU
		Release|Any CPU = Release|Any CPU
	EndGlobalSection
	GlobalSection(ProjectConfigurationPlatforms) = postSolution
		{9887B3BD-512B-4DB0-B54B-83D3F567CD96}.Debug|Any CPU.ActiveCfg = Debug|Any CPU
		{9887B3BD-512B-4DB0-B54B-83D3F567CD96}.Debug|Any CPU.Build.0 = Debug|Any CPU
		{9887B3BD-512B-4DB0-B54B-83D3F567CD96}.Release|Any CPU.ActiveCfg = Release|Any CPU
		{9887B3BD-512B-4DB0-B54B-83D3F567CD96}.Release|Any CPU.Build.0 = Release|Any CPU
		{82737E31-46D2-4329-8810-30CA884E863E}.Debug|Any CPU.ActiveCfg = Debug|Any CPU
		{82737E31-46D2-4329-8810-30CA884E863E}.Debug|Any CPU.Build.0 = Debug|Any CPU
		{82737E31-46D2-4329-8810-30CA884E863E}.Release|Any CPU.ActiveCfg = Release|Any CPU
		{82737E31-46D2-4329-8810-30CA884E863E}.Release|Any CPU.Build.0 = Release|Any CPU
		{CA1FE442-9230-4664-9C64-F74237F6ECBA}.Debug|Any CPU.ActiveCfg = Debug|Any CPU
		{CA1FE442-9230-4664-9C64-F74237F6ECBA}.Debug|Any CPU.Build.0 = Debug|Any CPU
		{CA1FE442-9230-4664-9C64-F74237F6ECBA}.Release|Any CPU.ActiveCfg = Release|Any CPU
		{CA1FE442-9230-4664-9C64-F74237F6ECBA}.Release|Any CPU.Build.0 = Release|Any CPU
		{D25D8289-7ECF-472F-B9EA-0626D8A523FB}.Debug|Any CPU.ActiveCfg = Debug|Any CPU
		{D25D8289-7ECF-472F-B9EA-0626D8A523FB}.Debug|Any CPU.Build.0 = Debug|Any CPU
		{D25D8289-7ECF-472F-B9EA-0626D8A523FB}.Release|Any CPU.ActiveCfg = Release|Any CPU
		{D25D8289-7ECF-472F-B9EA-0626D8A523FB}.Release|Any CPU.Build.0 = Release|Any CPU
		{A0AB7E43-0FF9-4D25-B255-7149E20F1888}.Debug|Any CPU.ActiveCfg = Debug|Any CPU
		{A0AB7E43-0FF9-4D25-B255-7149E20F1888}.Debug|Any CPU.Build.0 = Debug|Any CPU
		{A0AB7E43-0FF9-4D25-B255-7149E20F1888}.Release|Any CPU.ActiveCfg = Release|Any CPU
		{A0AB7E43-0FF9-4D25-B255-7149E20F1888}.Release|Any CPU.Build.0 = Release|Any CPU
	EndGlobalSection
EndGlobal
