
Microsoft Visual Studio Solution File, Format Version 12.00
Project("{FAE04EC0-301F-11D3-BF4B-00C04F79EFBC}") = "NGame", "NGame\NGame.csproj", "{9887B3BD-512B-4DB0-B54B-83D3F567CD96}"
EndProject
Project("{FAE04EC0-301F-11D3-BF4B-00C04F79EFBC}") = "NGame.UnitTests", "NGame.UnitTests\NGame.UnitTests.csproj", "{82737E31-46D2-4329-8810-30CA884E863E}"
EndProject
Project("{FAE04EC0-301F-11D3-BF4B-00C04F79EFBC}") = "NGame.Abstractions", "NGame.Abstractions\NGame.Abstractions.csproj", "{8F684937-4F7A-44CF-A9BB-9CD553E64761}"
EndProject
Project("{FAE04EC0-301F-11D3-BF4B-00C04F79EFBC}") = "NGame.Runner", "NGame.Runner\NGame.Runner.csproj", "{4C616B7B-262A-4A42-95C2-E6A10F9059CE}"
EndProject
Project("{FAE04EC0-301F-11D3-BF4B-00C04F79EFBC}") = "NGame.Graphics.Graphics2D", "NGame.Graphics.Graphics2D\NGame.Graphics.Graphics2D.csproj", "{93EEB423-3E47-4BC4-B36A-0F2AEF327ABC}"
EndProject
Project("{FAE04EC0-301F-11D3-BF4B-00C04F79EFBC}") = "NGame.Graphics.Graphics3D", "NGame.Graphics.Graphics3D\NGame.Graphics.Graphics3D.csproj", "{1D2CDB1D-00A4-4E6F-B85C-535778E9E6F2}"
EndProject
Project("{FAE04EC0-301F-11D3-BF4B-00C04F79EFBC}") = "NGame.Device.Desktop", "NGame.Device.Desktop\NGame.Device.Desktop.csproj", "{6414303A-2AF3-4CA3-A683-5BE940ECCE40}"
EndProject
Project("{FAE04EC0-301F-11D3-BF4B-00C04F79EFBC}") = "NGame.Device.Mobile", "NGame.Device.Mobile\NGame.Device.Mobile.csproj", "{DAE5D35C-4E85-4A08-8E23-200B65134E80}"
EndProject
Project("{FAE04EC0-301F-11D3-BF4B-00C04F79EFBC}") = "NGame.Platform", "NGame.Platform\NGame.Platform.csproj", "{AAF58BA4-32E9-4B0C-BD95-FEDCAB0221B8}"
EndProject
Global
	GlobalSection(SolutionConfigurationPlatforms) = preSolution
		Debug|Any CPU = Debug|Any CPU
		Release|Any CPU = Release|Any CPU
	EndGlobalSection
	GlobalSection(ProjectConfigurationPlatforms) = postSolution
		{9887B3BD-512B-4DB0-B54B-83D3F567CD96}.Debug|Any CPU.ActiveCfg = Debug|Any CPU
		{9887B3BD-512B-4DB0-B54B-83D3F567CD96}.Debug|Any CPU.Build.0 = Debug|Any CPU
		{9887B3BD-512B-4DB0-B54B-83D3F567CD96}.Release|Any CPU.ActiveCfg = Release|Any CPU
		{9887B3BD-512B-4DB0-B54B-83D3F567CD96}.Release|Any CPU.Build.0 = Release|Any CPU
		{82737E31-46D2-4329-8810-30CA884E863E}.Debug|Any CPU.ActiveCfg = Debug|Any CPU
		{82737E31-46D2-4329-8810-30CA884E863E}.Debug|Any CPU.Build.0 = Debug|Any CPU
		{82737E31-46D2-4329-8810-30CA884E863E}.Release|Any CPU.ActiveCfg = Release|Any CPU
		{82737E31-46D2-4329-8810-30CA884E863E}.Release|Any CPU.Build.0 = Release|Any CPU
		{8F684937-4F7A-44CF-A9BB-9CD553E64761}.Debug|Any CPU.ActiveCfg = Debug|Any CPU
		{8F684937-4F7A-44CF-A9BB-9CD553E64761}.Debug|Any CPU.Build.0 = Debug|Any CPU
		{8F684937-4F7A-44CF-A9BB-9CD553E64761}.Release|Any CPU.ActiveCfg = Release|Any CPU
		{8F684937-4F7A-44CF-A9BB-9CD553E64761}.Release|Any CPU.Build.0 = Release|Any CPU
		{4C616B7B-262A-4A42-95C2-E6A10F9059CE}.Debug|Any CPU.ActiveCfg = Debug|Any CPU
		{4C616B7B-262A-4A42-95C2-E6A10F9059CE}.Debug|Any CPU.Build.0 = Debug|Any CPU
		{4C616B7B-262A-4A42-95C2-E6A10F9059CE}.Release|Any CPU.ActiveCfg = Release|Any CPU
		{4C616B7B-262A-4A42-95C2-E6A10F9059CE}.Release|Any CPU.Build.0 = Release|Any CPU
		{93EEB423-3E47-4BC4-B36A-0F2AEF327ABC}.Debug|Any CPU.ActiveCfg = Debug|Any CPU
		{93EEB423-3E47-4BC4-B36A-0F2AEF327ABC}.Debug|Any CPU.Build.0 = Debug|Any CPU
		{93EEB423-3E47-4BC4-B36A-0F2AEF327ABC}.Release|Any CPU.ActiveCfg = Release|Any CPU
		{93EEB423-3E47-4BC4-B36A-0F2AEF327ABC}.Release|Any CPU.Build.0 = Release|Any CPU
		{1D2CDB1D-00A4-4E6F-B85C-535778E9E6F2}.Debug|Any CPU.ActiveCfg = Debug|Any CPU
		{1D2CDB1D-00A4-4E6F-B85C-535778E9E6F2}.Debug|Any CPU.Build.0 = Debug|Any CPU
		{1D2CDB1D-00A4-4E6F-B85C-535778E9E6F2}.Release|Any CPU.ActiveCfg = Release|Any CPU
		{1D2CDB1D-00A4-4E6F-B85C-535778E9E6F2}.Release|Any CPU.Build.0 = Release|Any CPU
		{6414303A-2AF3-4CA3-A683-5BE940ECCE40}.Debug|Any CPU.ActiveCfg = Debug|Any CPU
		{6414303A-2AF3-4CA3-A683-5BE940ECCE40}.Debug|Any CPU.Build.0 = Debug|Any CPU
		{6414303A-2AF3-4CA3-A683-5BE940ECCE40}.Release|Any CPU.ActiveCfg = Release|Any CPU
		{6414303A-2AF3-4CA3-A683-5BE940ECCE40}.Release|Any CPU.Build.0 = Release|Any CPU
		{DAE5D35C-4E85-4A08-8E23-200B65134E80}.Debug|Any CPU.ActiveCfg = Debug|Any CPU
		{DAE5D35C-4E85-4A08-8E23-200B65134E80}.Debug|Any CPU.Build.0 = Debug|Any CPU
		{DAE5D35C-4E85-4A08-8E23-200B65134E80}.Release|Any CPU.ActiveCfg = Release|Any CPU
		{DAE5D35C-4E85-4A08-8E23-200B65134E80}.Release|Any CPU.Build.0 = Release|Any CPU
		{AAF58BA4-32E9-4B0C-BD95-FEDCAB0221B8}.Debug|Any CPU.ActiveCfg = Debug|Any CPU
		{AAF58BA4-32E9-4B0C-BD95-FEDCAB0221B8}.Debug|Any CPU.Build.0 = Debug|Any CPU
		{AAF58BA4-32E9-4B0C-BD95-FEDCAB0221B8}.Release|Any CPU.ActiveCfg = Release|Any CPU
		{AAF58BA4-32E9-4B0C-BD95-FEDCAB0221B8}.Release|Any CPU.Build.0 = Release|Any CPU
	EndGlobalSection
EndGlobal
